# This file is automatically generated.
# It is not intended for manual editing.
version = 1

[[packages]]
name = "wasmcloud:nats"
registry = "wasmcloud.com"

[[packages.versions]]
requirement = "=0.1.0"
version = "0.1.0"
digest = "sha256:0c8c844d4936e1b1c6e6e7b64cae72ae9f1488b19523f73b4d96cf1fb1faf4b6"
