# This file is automatically generated.
# It is not intended for manual editing.
version = 1

[[packages]]
name = "wasi:otel"
registry = "wasi.dev"

[[packages.versions]]
requirement = "=0.2.0-rc.2"
version = "0.2.0-rc.2"
digest = "sha256:cd1c073a1875e04072951871a2c29d1725d15d0e824a9e4c2ae730810eab1c54"
